{
  "object": {
    "pins": [
      {
        "package": "GCDWebServer",
        "repositoryURL": "https://github.com/alextud/GCDWebServer",
        "state": {
          "branch": "swift-package-manager",
          "revision": "bc58c7f8358c90542e9195840a89405d7bf4a24e",
          "version": null
        }
      },
      {
        "package": "Kingfisher",
        "repositoryURL": "https://github.com/onevcat/Kingfisher",
        "state": {
          "branch": null,
          "revision": "2ef543ee21d63734e1c004ad6c870255e8716c50",
          "version": "7.12.0"
        }
      },
      {
        "package": "ObjectMapper",
        "repositoryURL": "https://github.com/tristanhimmelman/ObjectMapper",
        "state": {
          "branch": null,
          "revision": "6021c6035e83a306047348666f6400dc61445d3b",
          "version": "4.4.3"
        }
      },
      {
        "package": "PopcornTorrent",
        "repositoryURL": "https://github.com/alextud/PopcornTorrent",
        "state": {
          "branch": "v2_3",
          "revision": "ec98cb40aca5dde4f50625910831423db2fcbd19",
          "version": null
        }
      },
      {
        "package": "SwiftyJSON",
        "repositoryURL": "https://github.com/SwiftyJSON/SwiftyJSON",
        "state": {
          "branch": null,
          "revision": "af76cf3ef710b6ca5f8c05f3a31307d44a3c5828",
          "version": "5.0.2"
        }
      }
    ]
  },
  "version": 1
}
